// !$*UTF8*$!
{
	archiveVersion = 1;
	classes = {
	};
	objectVersion = 52;
	objects = {

/* Begin PBXBuildFile section */
		A74EA02F2663D04F00678D84 /* GRPCServerAppApp.swift in Sources */ = {isa = PBXBuildFile; fileRef = A74EA02E2663D04F00678D84 /* GRPCServerAppApp.swift */; };
		A74EA0332663D05000678D84 /* Assets.xcassets in Resources */ = {isa = PBXBuildFile; fileRef = A74EA0322663D05000678D84 /* Assets.xcassets */; };
		A74EA0362663D05000678D84 /* Preview Assets.xcassets in Resources */ = {isa = PBXBuildFile; fileRef = A74EA0352663D05000678D84 /* Preview Assets.xcassets */; };
		A76B7FE42663D0AC00FD38E5 /* ComposableArchitecture in Frameworks */ = {isa = PBXBuildFile; productRef = A76B7FE32663D0AC00FD38E5 /* ComposableArchitecture */; };
		A76B7FE72663D0BD00FD38E5 /* Server in Frameworks */ = {isa = PBXBuildFile; productRef = A76B7FE62663D0BD00FD38E5 /* Server */; };
/* End PBXBuildFile section */

/* Begin PBXFileReference section */
		A74EA02B2663D04F00678D84 /* GRPCServerApp.app */ = {isa = PBXFileReference; explicitFileType = wrapper.application; includeInIndex = 0; path = GRPCServerApp.app; sourceTree = BUILT_PRODUCTS_DIR; };
		A74EA02E2663D04F00678D84 /* GRPCServerAppApp.swift */ = {isa = PBXFileReference; lastKnownFileType = sourcecode.swift; path = GRPCServerAppApp.swift; sourceTree = "<group>"; };
		A74EA0322663D05000678D84 /* Assets.xcassets */ = {isa = PBXFileReference; lastKnownFileType = folder.assetcatalog; path = Assets.xcassets; sourceTree = "<group>"; };
		A74EA0352663D05000678D84 /* Preview Assets.xcassets */ = {isa = PBXFileReference; lastKnownFileType = folder.assetcatalog; path = "Preview Assets.xcassets"; sourceTree = "<group>"; };
		A74EA0372663D05000678D84 /* Info.plist */ = {isa = PBXFileReference; lastKnownFileType = text.plist.xml; path = Info.plist; sourceTree = "<group>"; };
		A74EA0382663D05000678D84 /* GRPCServerApp.entitlements */ = {isa = PBXFileReference; lastKnownFileType = text.plist.entitlements; path = GRPCServerApp.entitlements; sourceTree = "<group>"; };
/* End PBXFileReference section */

/* Begin PBXFrameworksBuildPhase section */
		A74EA0282663D04F00678D84 /* Frameworks */ = {
			isa = PBXFrameworksBuildPhase;
			buildActionMask = 2147483647;
			files = (
				A76B7FE42663D0AC00FD38E5 /* ComposableArchitecture in Frameworks */,
				A76B7FE72663D0BD00FD38E5 /* Server in Frameworks */,
			);
			runOnlyForDeploymentPostprocessing = 0;
		};
/* End PBXFrameworksBuildPhase section */

/* Begin PBXGroup section */
		A74EA0222663D04F00678D84 = {
			isa = PBXGroup;
			children = (
				A74EA02D2663D04F00678D84 /* GRPCServerApp */,
				A74EA02C2663D04F00678D84 /* Products */,
				A76B7FE52663D0BD00FD38E5 /* Frameworks */,
			);
			sourceTree = "<group>";
		};
		A74EA02C2663D04F00678D84 /* Products */ = {
			isa = PBXGroup;
			children = (
				A74EA02B2663D04F00678D84 /* GRPCServerApp.app */,
			);
			name = Products;
			sourceTree = "<group>";
		};
		A74EA02D2663D04F00678D84 /* GRPCServerApp */ = {
			isa = PBXGroup;
			children = (
				A74EA02E2663D04F00678D84 /* GRPCServerAppApp.swift */,
				A74EA0322663D05000678D84 /* Assets.xcassets */,
				A74EA0372663D05000678D84 /* Info.plist */,
				A74EA0382663D05000678D84 /* GRPCServerApp.entitlements */,
				A74EA0342663D05000678D84 /* Preview Content */,
			);
			path = GRPCServerApp;
			sourceTree = "<group>";
		};
		A74EA0342663D05000678D84 /* Preview Content */ = {
			isa = PBXGroup;
			children = (
				A74EA0352663D05000678D84 /* Preview Assets.xcassets */,
			);
			path = "Preview Content";
			sourceTree = "<group>";
		};
		A76B7FE52663D0BD00FD38E5 /* Frameworks */ = {
			isa = PBXGroup;
			children = (
			);
			name = Frameworks;
			sourceTree = "<group>";
		};
/* End PBXGroup section */

/* Begin PBXNativeTarget section */
		A74EA02A2663D04F00678D84 /* GRPCServerApp */ = {
			isa = PBXNativeTarget;
			buildConfigurationList = A74EA03B2663D05000678D84 /* Build configuration list for PBXNativeTarget "GRPCServerApp" */;
			buildPhases = (
				A74EA0272663D04F00678D84 /* Sources */,
				A74EA0282663D04F00678D84 /* Frameworks */,
				A74EA0292663D04F00678D84 /* Resources */,
			);
			buildRules = (
			);
			dependencies = (
			);
			name = GRPCServerApp;
			packageProductDependencies = (
				A76B7FE32663D0AC00FD38E5 /* ComposableArchitecture */,
				A76B7FE62663D0BD00FD38E5 /* Server */,
			);
			productName = GRPCServerApp;
			productReference = A74EA02B2663D04F00678D84 /* GRPCServerApp.app */;
			productType = "com.apple.product-type.application";
		};
/* End PBXNativeTarget section */

/* Begin PBXProject section */
		A74EA0232663D04F00678D84 /* Project object */ = {
			isa = PBXProject;
			attributes = {
				LastSwiftUpdateCheck = 1250;
				LastUpgradeCheck = 1250;
				TargetAttributes = {
					A74EA02A2663D04F00678D84 = {
						CreatedOnToolsVersion = 12.5;
					};
				};
			};
			buildConfigurationList = A74EA0262663D04F00678D84 /* Build configuration list for PBXProject "GRPCServerApp" */;
			compatibilityVersion = "Xcode 9.3";
			developmentRegion = en;
			hasScannedForEncodings = 0;
			knownRegions = (
				en,
				Base,
			);
			mainGroup = A74EA0222663D04F00678D84;
			packageReferences = (
				A76B7FE22663D0AC00FD38E5 /* XCRemoteSwiftPackageReference "swift-composable-architecture" */,
			);
			productRefGroup = A74EA02C2663D04F00678D84 /* Products */;
			projectDirPath = "";
			projectRoot = "";
			targets = (
				A74EA02A2663D04F00678D84 /* GRPCServerApp */,
			);
		};
/* End PBXProject section */

/* Begin PBXResourcesBuildPhase section */
		A74EA0292663D04F00678D84 /* Resources */ = {
			isa = PBXResourcesBuildPhase;
			buildActionMask = 2147483647;
			files = (
				A74EA0362663D05000678D84 /* Preview Assets.xcassets in Resources */,
				A74EA0332663D05000678D84 /* Assets.xcassets in Resources */,
			);
			runOnlyForDeploymentPostprocessing = 0;
		};
/* End PBXResourcesBuildPhase section */

/* Begin PBXSourcesBuildPhase section */
		A74EA0272663D04F00678D84 /* Sources */ = {
			isa = PBXSourcesBuildPhase;
			buildActionMask = 2147483647;
			files = (
				A74EA02F2663D04F00678D84 /* GRPCServerAppApp.swift in Sources */,
			);
			runOnlyForDeploymentPostprocessing = 0;
		};
/* End PBXSourcesBuildPhase section */

/* Begin XCBuildConfiguration section */
		A74EA0392663D05000678D84 /* Debug */ = {
			isa = XCBuildConfiguration;
			buildSettings = {
				ALWAYS_SEARCH_USER_PATHS = NO;
				CLANG_ANALYZER_NONNULL = YES;
				CLANG_ANALYZER_NUMBER_OBJECT_CONVERSION = YES_AGGRESSIVE;
				CLANG_CXX_LANGUAGE_STANDARD = "gnu++14";
				CLANG_CXX_LIBRARY = "libc++";
				CLANG_ENABLE_MODULES = YES;
				CLANG_ENABLE_OBJC_ARC = YES;
				CLANG_ENABLE_OBJC_WEAK = YES;
				CLANG_WARN_BLOCK_CAPTURE_AUTORELEASING = YES;
				CLANG_WARN_BOOL_CONVERSION = YES;
				CLANG_WARN_COMMA = YES;
				CLANG_WARN_CONSTANT_CONVERSION = YES;
				CLANG_WARN_DEPRECATED_OBJC_IMPLEMENTATIONS = YES;
				CLANG_WARN_DIRECT_OBJC_ISA_USAGE = YES_ERROR;
				CLANG_WARN_DOCUMENTATION_COMMENTS = YES;
				CLANG_WARN_EMPTY_BODY = YES;
				CLANG_WARN_ENUM_CONVERSION = YES;
				CLANG_WARN_INFINITE_RECURSION = YES;
				CLANG_WARN_INT_CONVERSION = YES;
				CLANG_WARN_NON_LITERAL_NULL_CONVERSION = YES;
				CLANG_WARN_OBJC_IMPLICIT_RETAIN_SELF = YES;
				CLANG_WARN_OBJC_LITERAL_CONVERSION = YES;
				CLANG_WARN_OBJC_ROOT_CLASS = YES_ERROR;
				CLANG_WARN_QUOTED_INCLUDE_IN_FRAMEWORK_HEADER = YES;
				CLANG_WARN_RANGE_LOOP_ANALYSIS = YES;
				CLANG_WARN_STRICT_PROTOTYPES = YES;
				CLANG_WARN_SUSPICIOUS_MOVE = YES;
				CLANG_WARN_UNGUARDED_AVAILABILITY = YES_AGGRESSIVE;
				CLANG_WARN_UNREACHABLE_CODE = YES;
				CLANG_WARN__DUPLICATE_METHOD_MATCH = YES;
				COPY_PHASE_STRIP = NO;
				DEBUG_INFORMATION_FORMAT = dwarf;
				ENABLE_STRICT_OBJC_MSGSEND = YES;
				ENABLE_TESTABILITY = YES;
				GCC_C_LANGUAGE_STANDARD = gnu11;
				GCC_DYNAMIC_NO_PIC = NO;
				GCC_NO_COMMON_BLOCKS = YES;
				GCC_OPTIMIZATION_LEVEL = 0;
				GCC_PREPROCESSOR_DEFINITIONS = (
					"DEBUG=1",
					"$(inherited)",
				);
				GCC_WARN_64_TO_32_BIT_CONVERSION = YES;
				GCC_WARN_ABOUT_RETURN_TYPE = YES_ERROR;
				GCC_WARN_UNDECLARED_SELECTOR = YES;
				GCC_WARN_UNINITIALIZED_AUTOS = YES_AGGRESSIVE;
				GCC_WARN_UNUSED_FUNCTION = YES;
				GCC_WARN_UNUSED_VARIABLE = YES;
				MACOSX_DEPLOYMENT_TARGET = 11.3;
				MTL_ENABLE_DEBUG_INFO = INCLUDE_SOURCE;
				MTL_FAST_MATH = YES;
				ONLY_ACTIVE_ARCH = YES;
				SDKROOT = macosx;
				SWIFT_ACTIVE_COMPILATION_CONDITIONS = DEBUG;
				SWIFT_OPTIMIZATION_LEVEL = "-Onone";
			};
			name = Debug;
		};
		A74EA03A2663D05000678D84 /* Release */ = {
			isa = XCBuildConfiguration;
			buildSettings = {
				ALWAYS_SEARCH_USER_PATHS = NO;
				CLANG_ANALYZER_NONNULL = YES;
				CLANG_ANALYZER_NUMBER_OBJECT_CONVERSION = YES_AGGRESSIVE;
				CLANG_CXX_LANGUAGE_STANDARD = "gnu++14";
				CLANG_CXX_LIBRARY = "libc++";
				CLANG_ENABLE_MODULES = YES;
				CLANG_ENABLE_OBJC_ARC = YES;
				CLANG_ENABLE_OBJC_WEAK = YES;
				CLANG_WARN_BLOCK_CAPTURE_AUTORELEASING = YES;
				CLANG_WARN_BOOL_CONVERSION = YES;
				CLANG_WARN_COMMA = YES;
				CLANG_WARN_CONSTANT_CONVERSION = YES;
				CLANG_WARN_DEPRECATED_OBJC_IMPLEMENTATIONS = YES;
				CLANG_WARN_DIRECT_OBJC_ISA_USAGE = YES_ERROR;
				CLANG_WARN_DOCUMENTATION_COMMENTS = YES;
				CLANG_WARN_EMPTY_BODY = YES;
				CLANG_WARN_ENUM_CONVERSION = YES;
				CLANG_WARN_INFINITE_RECURSION = YES;
				CLANG_WARN_INT_CONVERSION = YES;
				CLANG_WARN_NON_LITERAL_NULL_CONVERSION = YES;
				CLANG_WARN_OBJC_IMPLICIT_RETAIN_SELF = YES;
				CLANG_WARN_OBJC_LITERAL_CONVERSION = YES;
				CLANG_WARN_OBJC_ROOT_CLASS = YES_ERROR;
				CLANG_WARN_QUOTED_INCLUDE_IN_FRAMEWORK_HEADER = YES;
				CLANG_WARN_RANGE_LOOP_ANALYSIS = YES;
				CLANG_WARN_STRICT_PROTOTYPES = YES;
				CLANG_WARN_SUSPICIOUS_MOVE = YES;
				CLANG_WARN_UNGUARDED_AVAILABILITY = YES_AGGRESSIVE;
				CLANG_WARN_UNREACHABLE_CODE = YES;
				CLANG_WARN__DUPLICATE_METHOD_MATCH = YES;
				COPY_PHASE_STRIP = NO;
				DEBUG_INFORMATION_FORMAT = "dwarf-with-dsym";
				ENABLE_NS_ASSERTIONS = NO;
				ENABLE_STRICT_OBJC_MSGSEND = YES;
				GCC_C_LANGUAGE_STANDARD = gnu11;
				GCC_NO_COMMON_BLOCKS = YES;
				GCC_WARN_64_TO_32_BIT_CONVERSION = YES;
				GCC_WARN_ABOUT_RETURN_TYPE = YES_ERROR;
				GCC_WARN_UNDECLARED_SELECTOR = YES;
				GCC_WARN_UNINITIALIZED_AUTOS = YES_AGGRESSIVE;
				GCC_WARN_UNUSED_FUNCTION = YES;
				GCC_WARN_UNUSED_VARIABLE = YES;
				MACOSX_DEPLOYMENT_TARGET = 11.3;
				MTL_ENABLE_DEBUG_INFO = NO;
				MTL_FAST_MATH = YES;
				SDKROOT = macosx;
				SWIFT_COMPILATION_MODE = wholemodule;
				SWIFT_OPTIMIZATION_LEVEL = "-O";
			};
			name = Release;
		};
		A74EA03C2663D05000678D84 /* Debug */ = {
			isa = XCBuildConfiguration;
			buildSettings = {
				ASSETCATALOG_COMPILER_APPICON_NAME = AppIcon;
				ASSETCATALOG_COMPILER_GLOBAL_ACCENT_COLOR_NAME = AccentColor;
				CODE_SIGN_ENTITLEMENTS = GRPCServerApp/GRPCServerApp.entitlements;
				CODE_SIGN_IDENTITY = "-";
				CODE_SIGN_STYLE = Automatic;
				COMBINE_HIDPI_IMAGES = YES;
				DEVELOPMENT_ASSET_PATHS = "\"GRPCServerApp/Preview Content\"";
				DEVELOPMENT_TEAM = AWJ83G3EPY;
				ENABLE_HARDENED_RUNTIME = YES;
				ENABLE_PREVIEWS = YES;
				INFOPLIST_FILE = GRPCServerApp/Info.plist;
				LD_RUNPATH_SEARCH_PATHS = (
					"$(inherited)",
					"@executable_path/../Frameworks",
				);
				MACOSX_DEPLOYMENT_TARGET = 11.0;
				PRODUCT_BUNDLE_IDENTIFIER = "de.oliver-epper.GRPCServerApp";
				PRODUCT_NAME = "$(TARGET_NAME)";
				SWIFT_VERSION = 5.0;
			};
			name = Debug;
		};
		A74EA03D2663D05000678D84 /* Release */ = {
			isa = XCBuildConfiguration;
			buildSettings = {
				ASSETCATALOG_COMPILER_APPICON_NAME = AppIcon;
				ASSETCATALOG_COMPILER_GLOBAL_ACCENT_COLOR_NAME = AccentColor;
				CODE_SIGN_ENTITLEMENTS = GRPCServerApp/GRPCServerApp.entitlements;
				CODE_SIGN_IDENTITY = "-";
				CODE_SIGN_STYLE = Automatic;
				COMBINE_HIDPI_IMAGES = YES;
				DEVELOPMENT_ASSET_PATHS = "\"GRPCServerApp/Preview Content\"";
				DEVELOPMENT_TEAM = AWJ83G3EPY;
				ENABLE_HARDENED_RUNTIME = YES;
				ENABLE_PREVIEWS = YES;
				INFOPLIST_FILE = GRPCServerApp/Info.plist;
				LD_RUNPATH_SEARCH_PATHS = (
					"$(inherited)",
					"@executable_path/../Frameworks",
				);
				MACOSX_DEPLOYMENT_TARGET = 11.0;
				PRODUCT_BUNDLE_IDENTIFIER = "de.oliver-epper.GRPCServerApp";
				PRODUCT_NAME = "$(TARGET_NAME)";
				SWIFT_VERSION = 5.0;
			};
			name = Release;
		};
/* End XCBuildConfiguration section */

/* Begin XCConfigurationList section */
		A74EA0262663D04F00678D84 /* Build configuration list for PBXProject "GRPCServerApp" */ = {
			isa = XCConfigurationList;
			buildConfigurations = (
				A74EA0392663D05000678D84 /* Debug */,
				A74EA03A2663D05000678D84 /* Release */,
			);
			defaultConfigurationIsVisible = 0;
			defaultConfigurationName = Release;
		};
		A74EA03B2663D05000678D84 /* Build configuration list for PBXNativeTarget "GRPCServerApp" */ = {
			isa = XCConfigurationList;
			buildConfigurations = (
				A74EA03C2663D05000678D84 /* Debug */,
				A74EA03D2663D05000678D84 /* Release */,
			);
			defaultConfigurationIsVisible = 0;
			defaultConfigurationName = Release;
		};
/* End XCConfigurationList section */

/* Begin XCRemoteSwiftPackageReference section */
		A76B7FE22663D0AC00FD38E5 /* XCRemoteSwiftPackageReference "swift-composable-architecture" */ = {
			isa = XCRemoteSwiftPackageReference;
			repositoryURL = "https://github.com/pointfreeco/swift-composable-architecture";
			requirement = {
				kind = upToNextMajorVersion;
				minimumVersion = 0.18.0;
			};
		};
/* End XCRemoteSwiftPackageReference section */

/* Begin XCSwiftPackageProductDependency section */
		A76B7FE32663D0AC00FD38E5 /* ComposableArchitecture */ = {
			isa = XCSwiftPackageProductDependency;
			package = A76B7FE22663D0AC00FD38E5 /* XCRemoteSwiftPackageReference "swift-composable-architecture" */;
			productName = ComposableArchitecture;
		};
		A76B7FE62663D0BD00FD38E5 /* Server */ = {
			isa = XCSwiftPackageProductDependency;
			productName = Server;
		};
/* End XCSwiftPackageProductDependency section */
	};
	rootObject = A74EA0232663D04F00678D84 /* Project object */;
}
